
Microsoft Visual Studio Solution File, Format Version 12.00
# Visual Studio 15
VisualStudioVersion = 15.0.28010.2048
MinimumVisualStudioVersion = 10.0.40219.1
Project("{FAE04EC0-301F-11D3-BF4B-00C04F79EFBC}") = "Challenge_04", "Challenge_04\Challenge_04.csproj", "{A9BA99F6-8387-46DB-A9DD-B7D6441F6663}"
EndProject
Global
	GlobalSection(SolutionConfigurationPlatforms) = preSolution
		Debug|Any CPU = Debug|Any CPU
		Release|Any CPU = Release|Any CPU
	EndGlobalSection
	GlobalSection(ProjectConfigurationPlatforms) = postSolution
		{A9BA99F6-8387-46DB-A9DD-B7D6441F6663}.Debug|Any CPU.ActiveCfg = Debug|Any CPU
		{A9BA99F6-8387-46DB-A9DD-B7D6441F6663}.Debug|Any CPU.Build.0 = Debug|Any CPU
		{A9BA99F6-8387-46DB-A9DD-B7D6441F6663}.Release|Any CPU.ActiveCfg = Release|Any CPU
		{A9BA99F6-8387-46DB-A9DD-B7D6441F6663}.Release|Any CPU.Build.0 = Release|Any CPU
	EndGlobalSection
	GlobalSection(SolutionProperties) = preSolution
		HideSolutionNode = FALSE
	EndGlobalSection
	GlobalSection(ExtensibilityGlobals) = postSolution
		SolutionGuid = {88FF076F-65CB-4018-8DBA-409C5AFE87B1}
	EndGlobalSection
EndGlobal
